# This file was autogenerated by Stack.
# You should not edit this file by hand.
# For more information, please see the documentation at:
#   https://docs.haskellstack.org/en/stable/topics/lock_files

packages:
- completed:
    hackage: liquid-prelude-0.9.10.1.2@sha256:cd9203369b25081b65cf60c1a228400928cba48fa88dc190c2c45b6e865cc190,1465
    pantry-tree:
      sha256: 5098ec486534c65de1b3f70502bbc7f6d60b0bf541fb41a47978127ab775a99b
      size: 882
  original:
    hackage: liquid-prelude-0.9.10.1.2
- completed:
    hackage: liquid-vector-0.13.1.0.1@sha256:2ad221ddf6e5fa109e6d4380b46dfa7f15e2ba2716be00a92e571c0063cdae70,1082
    pantry-tree:
      sha256: d5d3d7d555ae8aae529b369d284fb859690f22ad37cc5ac6fef0b8402f47326a
      size: 231
  original:
    hackage: liquid-vector-0.13.1.0.1
snapshots:
- completed:
    sha256: 72cdd5851794184138551f43f0897c28f1a5acdda303b266aa9e910461103b3c
    size: 726784
    url: https://raw.githubusercontent.com/commercialhaskell/stackage-snapshots/master/lts/24/28.yaml
  original: lts-24.28
