# This file was autogenerated by Stack.
# You should not edit this file by hand.
# For more information, please see the documentation at:
#   https://docs.haskellstack.org/en/stable/topics/lock_files

packages:
- completed:
    commit: 4f94bd307ce7776312b5abaa495916884870e2a1
    git: https://github.com/ucsd-progsys/liquidhaskell
    name: liquidhaskell
    pantry-tree:
      sha256: 3e2ee03327a0add23b4787e1b4ef4199ae73445aa360719aafbc21b6d46e4b6f
      size: 301917
    subdir: .
    version: 0.9.12.2.1
  original:
    commit: 4f94bd307ce7776312b5abaa495916884870e2a1
    git: https://github.com/ucsd-progsys/liquidhaskell
    subdir: .
- completed:
    commit: 4f94bd307ce7776312b5abaa495916884870e2a1
    git: https://github.com/ucsd-progsys/liquidhaskell
    name: liquidhaskell-boot
    pantry-tree:
      sha256: 80e0cc99dc992f4d958b0a558fc622c3eb950eee2a8b8cf803464595b7bf73b3
      size: 8078
    subdir: liquidhaskell-boot
    version: 0.9.12.2.1
  original:
    commit: 4f94bd307ce7776312b5abaa495916884870e2a1
    git: https://github.com/ucsd-progsys/liquidhaskell
    subdir: liquidhaskell-boot
- completed:
    commit: 4f94bd307ce7776312b5abaa495916884870e2a1
    git: https://github.com/ucsd-progsys/liquidhaskell
    name: liquid-prelude
    pantry-tree:
      sha256: 12e4f06aec222ec8a820738a1d4eaa318563316f917e2d8699ffc0cdb29d7018
      size: 882
    subdir: liquid-prelude
    version: 0.9.12.2.1
  original:
    commit: 4f94bd307ce7776312b5abaa495916884870e2a1
    git: https://github.com/ucsd-progsys/liquidhaskell
    subdir: liquid-prelude
- completed:
    commit: 4f94bd307ce7776312b5abaa495916884870e2a1
    git: https://github.com/ucsd-progsys/liquidhaskell
    name: liquid-vector
    pantry-tree:
      sha256: e55c527f60502e1ad58ae333b0c5a123ac77e156cff5d502983f755de6f2d4a4
      size: 231
    subdir: liquid-vector
    version: 0.13.1.0.2
  original:
    commit: 4f94bd307ce7776312b5abaa495916884870e2a1
    git: https://github.com/ucsd-progsys/liquidhaskell
    subdir: liquid-vector
- completed:
    commit: 98bb6d95d54c2f49d5f7366adb3387b780b3d787
    git: https://github.com/ucsd-progsys/liquid-fixpoint
    name: liquid-fixpoint
    pantry-tree:
      sha256: c162d645aa7033abadf9cb3dc9048f3492fb0a08b40002528aa532692fa1650e
      size: 25049
    version: 0.9.6.3.5
  original:
    commit: 98bb6d95d54c2f49d5f7366adb3387b780b3d787
    git: https://github.com/ucsd-progsys/liquid-fixpoint
- completed:
    hackage: Diff-1.0.2@sha256:39d55f9d86e54939b7cf443fb3a3970d98341073dfda7d52cfa9bc6562f139d9,1581
    pantry-tree:
      sha256: 59a7abbb619ce355c2353ce542eb2165af7342e340f31939d88b2bae3609cf46
      size: 470
  original:
    hackage: Diff-1.0.2
- completed:
    hackage: HUnit-1.6.2.0@sha256:1a79174e8af616117ad39464cac9de205ca923da6582825e97c10786fda933a4,1588
    pantry-tree:
      sha256: 4f20a5a33866171260d0ee1e256c27f53cc84d37a68d498c3e12347f4e3d05b4
      size: 878
  original:
    hackage: HUnit-1.6.2.0
- completed:
    hackage: OneTuple-0.4.2.1@sha256:97ed6715380e1be032cf3a8380921a757b52b8e20038139fddaccd8ccd9b8d1a,1985
    pantry-tree:
      sha256: 7bd99258b5debdd34a7517ceba6e0305bdfe09b10e5289cfebc2436bbec0da47
      size: 506
  original:
    hackage: OneTuple-0.4.2.1
- completed:
    hackage: QuickCheck-2.16.0.0@sha256:f4210647167f873196b01050ac074a44821b6687e26f792ad3474b6388c5f8b7,9208
    pantry-tree:
      sha256: d9ad9ff0ac7979e9ad808bd3485d17da1a386dda43a5c81b48901a0360290d81
      size: 2627
  original:
    hackage: QuickCheck-2.16.0.0
- completed:
    hackage: StateVar-1.2.2@sha256:3c022c00485fe165e3080d5da6b3ca9c9b02f62c5deebc584d1b3d1309ce673e,1673
    pantry-tree:
      sha256: 204cac98219e99334f47b12c565945611748ea03a4d629273dd697d738bcfd7f
      size: 314
  original:
    hackage: StateVar-1.2.2
- completed:
    hackage: aeson-2.2.3.0@sha256:7d48c2395ef168d2c2070fdb02c7998384be27d31a03bb35d1740af4a19a857b,6368
    pantry-tree:
      sha256: 7c5ca620e1407b4bd0fbf3bf4cb20dc58eb194d49caa8a6cd1c349462989143a
      size: 83371
  original:
    hackage: aeson-2.2.3.0
- completed:
    hackage: ansi-terminal-1.1.5@sha256:408d9232e5304efead718f96138d6d7eb2da608c6121c5c0dc6a71a833b14320,3327
    pantry-tree:
      sha256: 081bff43a1d384922a9d9b7b27c96c1fa0ecadbd4dfe0e801b2931e06ee4b50f
      size: 1111
  original:
    hackage: ansi-terminal-1.1.5
- completed:
    hackage: ansi-terminal-types-1.1.3@sha256:1d6061eceaf35a9ed269b81177dd4c8c60403a499526f7f68fdffa4ec7842e7f,1523
    pantry-tree:
      sha256: 99497d3d290b931b8aa15e341f74c14b9da8312f7610987973f634c68f640c69
      size: 365
  original:
    hackage: ansi-terminal-types-1.1.3
- completed:
    hackage: ascii-progress-0.3.3.0@sha256:bdcdfabdd2f3e8de0cec4ea058810a77dd8b79506fc0cf90efb93ee9f99ff8e3,4168
    pantry-tree:
      sha256: f2f758ca5757028e4bf45d8351a5903941fd0562c0ed24160a92e48912b276d5
      size: 669
  original:
    hackage: ascii-progress-0.3.3.0
- completed:
    hackage: assoc-1.1.1@sha256:766b1040eda5255bfcf10e1a9859c06d0ed6ad0e2ac87ed915bb035574d10ae4,1437
    pantry-tree:
      sha256: 428d036445217eea9eb59e6fc8377b26841b01aaad8790eef4e761f6bd91df59
      size: 290
  original:
    hackage: assoc-1.1.1
- completed:
    hackage: async-2.2.6@sha256:45d5587d8a348a7e2b3f04de963fe633db49b49cde10ca1e6f834bef3baecee9,3870
    pantry-tree:
      sha256: 33ad31cf67d331926b854f8868366ec7ad0cc0e0fe8c8f0627d156afc1625f3d
      size: 722
  original:
    hackage: async-2.2.6
- completed:
    hackage: attoparsec-0.14.4@sha256:35129d0ab1741f000f1a7d2fc839544919ee6fbb8f2d6e7f0a629c41f91035f3,5914
    pantry-tree:
      sha256: 467033f4d538aaeb309c15632018f2621eeace79fe7286e9242c7e75b59ced82
      size: 5039
  original:
    hackage: attoparsec-0.14.4
- completed:
    hackage: base-compat-0.15.0@sha256:a4d322603449e5a42225e9dfcd23647b4b9a050893989a7ffddc0b33351ed775,7568
    pantry-tree:
      sha256: 86b2eb7911290285b89ebfc2784c32319463b543f13f94934f62fc5be9788d39
      size: 9599
  original:
    hackage: base-compat-0.15.0
- completed:
    hackage: base-orphans-0.9.4@sha256:001f2b3094b7a1b00e9fd5dcc519a62b8b147a1754bf550fa42601ff868e2b65,3241
    pantry-tree:
      sha256: 95d208040e82bbbb1cfc7d8f53012809c25956bbb7307e162b74db3a4a662367
      size: 1273
  original:
    hackage: base-orphans-0.9.4
- completed:
    hackage: base64-bytestring-1.2.1.0@sha256:45305ccf8914c66d385b518721472c7b8c858f1986945377f74f85c1e0d49803,2502
    pantry-tree:
      sha256: 9e58b1adc5eb2805118c1539d325363d94043370671fb0f13fbe90aaeea3ff44
      size: 850
  original:
    hackage: base64-bytestring-1.2.1.0
- completed:
    hackage: bifunctors-5.6.3@sha256:58f1d66db71ed9dd70648eaca1a0986b29354b3a69b5bfd729ce1a896766466e,3271
    pantry-tree:
      sha256: f2d043d4e507947c363e69083572c3e4b86daa93ca4271fcdaa4b453f0528d1b
      size: 1466
  original:
    hackage: bifunctors-5.6.3
- completed:
    hackage: bitvec-1.1.5.0@sha256:434be6dc60e22858a52869c58038c35353f1a778b9679ebc06a2165bcc7f88b3,4921
    pantry-tree:
      sha256: eafad7aa50d0caaa8633ebbbe07e84b0d15c19dca7a44ed77dcccb7a6a3e704a
      size: 2507
  original:
    hackage: bitvec-1.1.5.0
- completed:
    hackage: boxes-0.1.5@sha256:fa1b39569777bc4c1ccb1b847808d0a637b5a118c26b8f63f54f348eda03eebe,1191
    pantry-tree:
      sha256: 105fe43aeafc83b09b0641d85aac30876bbc50a7769081b7ef288fc0984e79e3
      size: 433
  original:
    hackage: boxes-0.1.5
- completed:
    hackage: call-stack-0.4.0@sha256:ac44d2c00931dc20b01750da8c92ec443eb63a7231e8550188cb2ac2385f7feb,1200
    pantry-tree:
      sha256: 04134fa69cdd824b4e4bb7f77e7173e0705f27deabdbbf99549c549400191e1e
      size: 501
  original:
    hackage: call-stack-0.4.0
- completed:
    hackage: case-insensitive-1.2.1.0@sha256:9dfd3171fc7698cf8d931727d3af3a7b389135b583e46b5adac1f9d2026fff61,2244
    pantry-tree:
      sha256: d6f175b17eacce002fc5336c17e119d989bd97f8ad9702446163c9e27c7c79b7
      size: 688
  original:
    hackage: case-insensitive-1.2.1.0
- completed:
    hackage: cereal-0.5.8.3@sha256:87a227c7b510217ea059db3dd59d9665edd8f0d1d3d8de39458e371a1d9402fb,2767
    pantry-tree:
      sha256: 2d570ae699908d131b63fe176115809982f86ec4589cdbf42848aa2ca79209cb
      size: 641
  original:
    hackage: cereal-0.5.8.3
- completed:
    hackage: character-ps-0.1@sha256:b38ed1c07ae49e7461e44ca1d00c9ca24d1dcb008424ccd919916f92fd48d9fe,1315
    pantry-tree:
      sha256: 22d98d7c8b4c2bb9cb7fe429adf52bfed0c18269eac146b1e591c5941e26161a
      size: 382
  original:
    hackage: character-ps-0.1
- completed:
    hackage: clock-0.8.4@sha256:b938655b00cf204ce69abfff946021bed111d2609a9f7a9c22e28a1a202e9115,4631
    pantry-tree:
      sha256: 0ca511f7ea409e65a9de5539f265bb906a3eec6a4ac1a201731a8a328120cc88
      size: 499
  original:
    hackage: clock-0.8.4
- completed:
    hackage: cmdargs-0.10.22@sha256:0d1a33c3978fbcdda4f2543e62ac3ed8ad36152e141cdeebeece7e08d6529d63,4248
    pantry-tree:
      sha256: 2957554d00a23a204b5367d2070471e21a1e35cf0ddc7bdbfb26a047e754dbf6
      size: 3122
  original:
    hackage: cmdargs-0.10.22
- completed:
    hackage: colour-2.3.6@sha256:ebdcbf15023958838a527e381ab3c3b1e99ed12d1b25efeb7feaa4ad8c37664a,2378
    pantry-tree:
      sha256: 03f8e22f364deb86098dbfbe0bf83c896437b2355f139abdac0402658fb6ac7e
      size: 1183
  original:
    hackage: colour-2.3.6
- completed:
    hackage: comonad-5.0.10@sha256:e8606e010e306f41019026e94b0676993c175260d1d8908e4518b2b06a40272b,3443
    pantry-tree:
      sha256: 98be08915d9fb077804a014d4ec7bfe058af0d0125235fb1c5ad1f49a5f7ff85
      size: 1616
  original:
    hackage: comonad-5.0.10
- completed:
    hackage: concurrent-output-1.10.21@sha256:6fb5f4ba6a9376b72d23bd70ad61c9d68bb42e50f4cea06eeed1776a4379fbb2,1712
    pantry-tree:
      sha256: 639a0b196f609c06274099d0981be509321c60423e01b38eb558b726ab9f7dcb
      size: 898
  original:
    hackage: concurrent-output-1.10.21
- completed:
    hackage: contravariant-1.5.6@sha256:288f1d3e6fb3adcf9f36f28ffa189673f2f1303812296dfb2523478ad31dd9e2,2182
    pantry-tree:
      sha256: 0723fa8376b781f80815d4022dc182070b088a2a33d9e7625d3f1b5a68f7a791
      size: 652
  original:
    hackage: contravariant-1.5.6
- completed:
    hackage: cryptohash-sha1-0.11.101.0@sha256:2bdf29dbd896bca86bf198c882fa8df1cb31843b71f2907e059b7c10bce0adb3,3085
    pantry-tree:
      sha256: 01561c1bc3eb1380548b1c04cb2ea052db6e79ea9ac32c78f227e6599a2e466f
      size: 577
  original:
    hackage: cryptohash-sha1-0.11.101.0
- completed:
    hackage: data-default-0.8.0.2@sha256:d4a8c9ed574a43315262666c75efe1080e3913a653844d2a9ff36051a6211bee,1110
    pantry-tree:
      sha256: 6f42bc6c080c5e1cb7894b03b2d1494a05b9056dcef477965205e9448d8889f8
      size: 382
  original:
    hackage: data-default-0.8.0.2
- completed:
    hackage: data-fix-0.3.4@sha256:200360c49cc81cf8b8bbdf49afd4aee03fffd09d3395b080a7e7c65fcf01d313,1421
    pantry-tree:
      sha256: f7edf89375cd789203cb8633c166a45b9392dd901aeff7788a13dfbb59c2b849
      size: 262
  original:
    hackage: data-fix-0.3.4
- completed:
    hackage: distributive-0.6.3@sha256:9dec7cd4dc49325f551b2f2bf2004cfe2454b211e5882265cc87880d4382b1f8,2342
    pantry-tree:
      sha256: c765117bbab05d71c228c55013b1311a2f0481c007c6b1f0ff9f515c16dac2d7
      size: 670
  original:
    hackage: distributive-0.6.3
- completed:
    hackage: dlist-1.0@sha256:854727594c5a816ab3d10f15b1bc4fedaf9e3f7d1ef517a2bb9011f29ba261d2,3942
    pantry-tree:
      sha256: 2793d1aea6d4471ae237bdac0c980a8226ba0532480859aebb61a425bcc0d085
      size: 953
  original:
    hackage: dlist-1.0
- completed:
    hackage: extra-1.8.1@sha256:b9c360f2f3fbff5ca04656b7aa0a91b254ac7de7e4b959bae4688a178ffd79d1,2738
    pantry-tree:
      sha256: 2306b0cbd1f9e0538eb07d0123f34e660916182081cb4b53e85363a6f7a61998
      size: 1961
  original:
    hackage: extra-1.8.1
- completed:
    hackage: fgl-5.8.3.0@sha256:a928ad5225ec6b85963ac9fd7a920416aea979155a3b88fad08a85bbcb68d9eb,3976
    pantry-tree:
      sha256: febaf2aac34c811cba2fe934cfea29aec5d3e1523b9ac24452b3fe38f32e28f8
      size: 2750
  original:
    hackage: fgl-5.8.3.0
- completed:
    hackage: fingertree-0.1.6.3@sha256:cd256474cab1d0a2e40f9440ad8194f790b06cef7aa70e5bc12bad09fc8acd96,2144
    pantry-tree:
      sha256: 0f9f7430e1fb43182ef37a063df56e38f5a061a892f9003a2f1ccf6d980f8aeb
      size: 530
  original:
    hackage: fingertree-0.1.6.3
- completed:
    hackage: free-5.2@sha256:39ca01645f7c2f08ffd64226891c514bdc924a87da48f815f9fe77c2e0ac1164,4178
    pantry-tree:
      sha256: c0e2d18aac282ff3fb4febad1e78dfe1d8b0769ae62c799068e922c3ad55e97f
      size: 3130
  original:
    hackage: free-5.2
- completed:
    hackage: generically-0.1.1@sha256:7fe415234d455eb58402477899ac969e46374d0baab09e8ddd319f6394a4a369,1203
    pantry-tree:
      sha256: 9dfb15a4ab7e169f4085c457c7790e5cfe6a2ce8e1380fecbb07c472757be5c2
      size: 233
  original:
    hackage: generically-0.1.1
- completed:
    hackage: githash-0.1.7.0@sha256:cb405aed03e1da9a5ea7601e4d7eea3739104a8a6e47ac4970e079d616326836,1527
    pantry-tree:
      sha256: f6ebb0c9c0344d6835e5804d17deb1a3627321b54ef7f646202cfa7b69c9cffd
      size: 617
  original:
    hackage: githash-0.1.7.0
- completed:
    hackage: gitrev-1.3.1@sha256:1d0b2d34bee761865fc22bd022f32890e1b561dfac62a1f31a4fe6220a0d1e58,1186
    pantry-tree:
      sha256: d1ea172d1bd3d298864494e914167a73c8a65de3b95efebb9d6fa62489cd4111
      size: 216
  original:
    hackage: gitrev-1.3.1
- completed:
    hackage: hashable-1.5.1.0@sha256:140fc5adad166f7b527567cbd26ff481e8da4a66bdfc84be3ddf28dbeb66f275,5787
    pantry-tree:
      sha256: e3bf67a89d9227d1e0c9a553ecd08f88d8ea492566ed78b30f8de05cf8699c2e
      size: 1578
  original:
    hackage: hashable-1.5.1.0
- completed:
    hackage: haskell-lexer-1.2.1@sha256:393300e223f7b84c334d87780481bcede98392aa8bd82bc882d76b54b7d1c699,1279
    pantry-tree:
      sha256: 8e533ad0dbb5b7cff21bc44767b88d5c152102979e7f465ca2402af21d6722c6
      size: 588
  original:
    hackage: haskell-lexer-1.2.1
- completed:
    hackage: hscolour-1.25@sha256:fbffb0b927d95d4e913b72f2e56463c37d66c991111fa3202756c1802f312813,1757
    pantry-tree:
      sha256: 7bf291bc789acd49a64b4677c2212cb99698c2b7851a80dc3e67729076ece63f
      size: 1542
  original:
    hackage: hscolour-1.25
- completed:
    hackage: hspec-2.11.16@sha256:e7c8a9d8263791d26821c11263d3d6085b34f4353748883a67f96fef5e785375,1895
    pantry-tree:
      sha256: 13b9a787e0a0fe6441f19e45d45418b039c8ad4f0b3425cfeb000291c1d4de9d
      size: 585
  original:
    hackage: hspec-2.11.16
- completed:
    hackage: hspec-core-2.11.16@sha256:bdec3b591f24a6b91ac26674d3d42c11303ddcaed16ef917e198f98c52292a09,7823
    pantry-tree:
      sha256: 810a0dd6732413d8f740b059b732b87b9714c998ca8d302b8214f7fc002f4bf7
      size: 6797
  original:
    hackage: hspec-core-2.11.16
- completed:
    hackage: hspec-discover-2.11.16@sha256:aea472812fdd9a65d99d09f8a2c9f3a71717045cce42de15910bc82f0b9513c1,2171
    pantry-tree:
      sha256: ef6aea4a83a6225394f5ed81e41104944195071867bce4d7fb1cabb612ba9aae
      size: 829
  original:
    hackage: hspec-discover-2.11.16
- completed:
    hackage: hspec-expectations-0.8.4@sha256:4237f094a7931202ff57ac6475542b0b314b50a7024550e2b6eb87cfb0d4ff93,1702
    pantry-tree:
      sha256: 87681840d430b84686f83f1ab8b5873b09c349775698665233443914acf9ba2b
      size: 741
  original:
    hackage: hspec-expectations-0.8.4
- completed:
    hackage: hspec-smallcheck-0.5.3@sha256:bd2555e233c442220275ff9488dd11f377cb0ad9a86a3c5f91688742155fb72a,2050
    pantry-tree:
      sha256: 3388c035c2dd257fe0fa388e77618eed3637523dccd3fdbb19b72ca3454d982d
      size: 639
  original:
    hackage: hspec-smallcheck-0.5.3
- completed:
    hackage: indexed-traversable-0.1.4@sha256:42d9e84a65a0c17c248233cab98ada872ff6140dfa24d109d6eb285204d07e7d,2098
    pantry-tree:
      sha256: d3e9e60aede3658838fa552646552212f01a3cba19bd50397c86795a28d67b27
      size: 625
  original:
    hackage: indexed-traversable-0.1.4
- completed:
    hackage: indexed-traversable-instances-0.1.2@sha256:68df0fc8070ae2c15f9e6febf1449fee364c131a6d1e93cac45e7895ba86dd89,2401
    pantry-tree:
      sha256: 5d8873d51e28d42eebe7c13e3acb5e8a7ddfc2dd42ad011c96bb47b94b1f6b2e
      size: 366
  original:
    hackage: indexed-traversable-instances-0.1.2
- completed:
    hackage: integer-conversion-0.1.1@sha256:123d1b088404f0976500c68d8105978aa2e32908ce5508e32aebd237f0447c9f,2311
    pantry-tree:
      sha256: 815a2a36ac072ade5993866d4c90fe0d8cb3eb6332de6fcfbe537ddc391c467d
      size: 509
  original:
    hackage: integer-conversion-0.1.1
- completed:
    hackage: integer-logarithms-1.0.5@sha256:870ce80a2e704f179bcda12ee106389a484100fac1534abfd587aaaa51978e6b,2964
    pantry-tree:
      sha256: 5b217bbf96ef5487aad81cf1c61a1d1092f8e044403b554e201d8d8478568499
      size: 865
  original:
    hackage: integer-logarithms-1.0.5
- completed:
    hackage: intern-0.9.6@sha256:1a0c01d19739a9e575d001ad4fc55cdfe90f8ef7db426498b1e251ed175ce855,1699
    pantry-tree:
      sha256: 95dd7ba19d86145ed82b5a4be5b5d481bd59a609f546c13779335df92db0c145
      size: 922
  original:
    hackage: intern-0.9.6
- completed:
    hackage: lens-family-2.1.3@sha256:e368ef693ed3d894dcec1735fe2952ab876c49a88231c7d76289d2a9d2bdd66f,2021
    pantry-tree:
      sha256: 368e5f6f3f93f15585f5cc77ae929e8e168ffdd120920bbca0751b27a796e8c1
      size: 612
  original:
    hackage: lens-family-2.1.3
- completed:
    hackage: lens-family-core-2.1.3@sha256:3714c3fa57a556d6fb958234fa4cde8401e098458dc9041416c54d25ec187473,2320
    pantry-tree:
      sha256: 040513353ac1bf087eb4876b6baff649fdf9a76b1f9fdd1e2a6c9f78726a2ddf
      size: 880
  original:
    hackage: lens-family-core-2.1.3
- completed:
    hackage: lifted-base-0.2.3.12@sha256:e94ad0692c9c5d85c373e508f23654f2da8ac8c3e475c2b65ffbc04fb165ad69,3369
    pantry-tree:
      sha256: a1d78bdab90ed2863854f825f6ab277e5df0af856fec06ac1c39131e8019aef5
      size: 1129
  original:
    hackage: lifted-base-0.2.3.12
- completed:
    hackage: logict-0.8.2.0@sha256:24e023b7c75cbf61d1c94c84479949dc4715dbce0824fa7562396679f56a2647,1722
    pantry-tree:
      sha256: 8e14b991354a8b1e94e55c8775e81fee950f221b3afdef606e176cce77c1938e
      size: 504
  original:
    hackage: logict-0.8.2.0
- completed:
    hackage: megaparsec-9.7.0@sha256:50afa64b166bfb4895e51cc961dd7e63fe4b656f3d32e80a2722918166d07e38,3547
    pantry-tree:
      sha256: 01bd8228c9c079890944da15eb5f246c19d8e2b7064cd3fcbf8c1fbebe3fbf4e
      size: 1612
  original:
    hackage: megaparsec-9.7.0
- completed:
    hackage: monad-control-1.0.3.1@sha256:2d657279839e1a760c86a69f00f0c36473ef6972d413ec0f83a40249c70e098e,2365
    pantry-tree:
      sha256: f6b2e10b7ad03cbc2bd1df28543c9d514d54bd39833e318b48e5f0998d876df5
      size: 292
  original:
    hackage: monad-control-1.0.3.1
- completed:
    hackage: monad-loops-0.4.3@sha256:ada4f1295ece07f9a7398bc5b40c4532f95a733a8604d2a2f57f05f878766df2,1751
    pantry-tree:
      sha256: c8d919cbf7cda1c8551534cb17844c56cbfcbf1b18667b1a0700b97c87ff5059
      size: 243
  original:
    hackage: monad-loops-0.4.3
- completed:
    hackage: mono-traversable-1.0.21.0@sha256:7e6269eadfa45fe8433e01f6dace1397eb3ae423931071634be806eb2ed73b17,2279
    pantry-tree:
      sha256: 9eb3d3b3350184c88ac717552d68b68a79d1a1425776a9f8e200c5df7294a986
      size: 822
  original:
    hackage: mono-traversable-1.0.21.0
- completed:
    hackage: nats-1.1.2@sha256:604a8bc02bb3cb0331ab3b45eeaed54f8a78a1c34eea253688f06837f1f58c61,2749
    pantry-tree:
      sha256: 595de3d3b440b2a8e54f169bf5efc21910b4198a3d79ccf9b4a54b456973a37a
      size: 523
  original:
    hackage: nats-1.1.2
- completed:
    hackage: network-3.2.8.0@sha256:c6f02f2626d1d83b3e3521fc2a9832c366e31dd391cb8478bd2d83528459e786,5305
    pantry-tree:
      sha256: 6be9e7593357f634d4144684432ec43ac6509b0f40c4ccbd5f18313d3e8dfa70
      size: 4039
  original:
    hackage: network-3.2.8.0
- completed:
    hackage: network-uri-2.6.4.2@sha256:6fffb57373962b5651a2db8b0af732098b3bf029a7ced76a9855615de2026588,3217
    pantry-tree:
      sha256: 659f5e9fabda559f1aff6b64d04cf8adfd69bdda535c896fe90289f307a071c9
      size: 551
  original:
    hackage: network-uri-2.6.4.2
- completed:
    hackage: optparse-applicative-0.19.0.0@sha256:0b47b3ff7eb4a855b5f7d401690365fc62a32057374927ce0d478b620996222d,5813
    pantry-tree:
      sha256: 91733e6f053044a8b0dad22808cffb83f745299293312659c95a38edc79aadeb
      size: 4091
  original:
    hackage: optparse-applicative-0.19.0.0
- completed:
    hackage: parser-combinators-1.3.1@sha256:b0b3ebcdfa8d2e0d83ff7b6fd55df7870d1182bd99ee84145f02cbf81786f8ea,1502
    pantry-tree:
      sha256: 60651d97483962e2a45470910f9b90b1c889755adfe35f9b1f626288547c87e3
      size: 749
  original:
    hackage: parser-combinators-1.3.1
- completed:
    hackage: prettyprinter-1.7.1@sha256:9c43c9d8c3cd9f445596e5a2379574bba87f935a4d1fa41b5407ee3cf4edc743,6987
    pantry-tree:
      sha256: cd6f393bf7cba603a1958a139915fc343efd5488e36fd7b3b5c6956c002d04fa
      size: 3460
  original:
    hackage: prettyprinter-1.7.1
- completed:
    hackage: prettyprinter-ansi-terminal-1.1.3@sha256:b00f727b964cf13adff7acf575a71fa7e405f5240aff50b07f10df76ab89f8d3,2574
    pantry-tree:
      sha256: b5d276267049502c72fdcd2f1d84c15b3598160d61de0482a2e5bb62c40bd4ea
      size: 820
  original:
    hackage: prettyprinter-ansi-terminal-1.1.3
- completed:
    hackage: primitive-0.9.1.0@sha256:756b222c715bc6ef5ba81fa69cdbaa20c5c53beb6f16f174b8bacc93a6d239f0,3258
    pantry-tree:
      sha256: f3316dce468a892930234a85193674461341e77426e7c46c82448f363367a528
      size: 1793
  original:
    hackage: primitive-0.9.1.0
- completed:
    hackage: profunctors-5.6.3@sha256:bfdb8c8b8cd4390e30219219edaff6ae7f428516f7338f0b7c39cb16b84bad2c,2408
    pantry-tree:
      sha256: e8f5f68ed5500e294baed4d2be9d7b494be316ab5b86016bf7b72d9ed0f79aa7
      size: 1588
  original:
    hackage: profunctors-5.6.3
- completed:
    hackage: quickcheck-io-0.2.0@sha256:7bf0b68fb90873825eb2e5e958c1b76126dcf984debb998e81673e6d837e0b2d,1133
    pantry-tree:
      sha256: afaa27fbf8b35aa7ce174abd9c59a84a12fd7f3d08300c3280b22c1d204f11ca
      size: 223
  original:
    hackage: quickcheck-io-0.2.0
- completed:
    hackage: random-1.3.1@sha256:0b4f649c3e78713b2ccad1535251ee34b148237fb2229d7058c2b1d9ccc324b8,6004
    pantry-tree:
      sha256: 9e92209c00b0c00b7d1c503e15a27b67b74ac2e3b48269a9255893b06de6836c
      size: 1667
  original:
    hackage: random-1.3.1
- completed:
    hackage: resourcet-1.3.0@sha256:faa760fb28fb5c98fbe4867e375a775495cabc00926da81fa102dc991017d2c5,1739
    pantry-tree:
      sha256: 7d8da7c8bcbab08f5de8a1d7964d5224aeb160ac0843757539d81f07d4315886
      size: 648
  original:
    hackage: resourcet-1.3.0
- completed:
    hackage: rest-rewrite-0.4.5@sha256:cb19044b4a17ebb2c03514d5e5223f3ef45663e03b45d82747357796f3ebc496,4086
    pantry-tree:
      sha256: 458d8e32692f42d9305f7ba49e32caa768b58f2b3530641c35c47d79b56a7058
      size: 4075
  original:
    hackage: rest-rewrite-0.4.5
- completed:
    hackage: safe-0.3.21@sha256:b928ea1645876788155b38ce85c7e46d157a1bb41d2b05f5770b13d60bc6a3f7,2400
    pantry-tree:
      sha256: ffc22bbfa2397e8b12a5ac0d867e4c93fea452d536f35f6f01f90fa326ee1652
      size: 564
  original:
    hackage: safe-0.3.21
- completed:
    hackage: scientific-0.3.8.1@sha256:11b0c3bcc572f08ddcb13bfad94df85e0323f39915e74cae2d7a205c631b4d30,4390
    pantry-tree:
      sha256: 95c2af5d6729b5d4a1c2c46f9103d415324386377f337be01eb70367524eb8a7
      size: 657
  original:
    hackage: scientific-0.3.8.1
- completed:
    hackage: semialign-1.3.1@sha256:dfe515a9e43230f5308564a649a04ea1538499ed98b944644b77bed5394b9deb,2224
    pantry-tree:
      sha256: ca325144ff22c4fb6cda83d77a4e466a79e61f814869868582c778002b1bdaf0
      size: 537
  original:
    hackage: semialign-1.3.1
- completed:
    hackage: semigroupoids-6.0.2@sha256:52c5a346fdf74380618f67ff784989ef9078498dbbdff09e4d8e2fed20202e2c,7216
    pantry-tree:
      sha256: 97988befa7a35bd1421f2c221adf7fe2d9238d005254133a5b2063592e610fc2
      size: 2403
  original:
    hackage: semigroupoids-6.0.2
- completed:
    hackage: smallcheck-1.2.1.1@sha256:b976cf0bbab4ba29f61933df10740cc19cd17548b5a3d1f8e0205840a1a89738,1862
    pantry-tree:
      sha256: 29ecc92877311ef5e7df79778dc0b8a85caacb4c42431f5641f549bddbd9d27d
      size: 714
  original:
    hackage: smallcheck-1.2.1.1
- completed:
    hackage: smtlib-backends-0.4@sha256:a662fecbc8908337b8f19d9bb7e1515a29f4dd992a5eb88f1fcb59e6ab1d0871,1258
    pantry-tree:
      sha256: f46a0eb3dd5f894fe644bca55cdef65f16cfe5bc1d92c739b90eebd63d440835
      size: 275
  original:
    hackage: smtlib-backends-0.4
- completed:
    hackage: smtlib-backends-process-0.3@sha256:1cdd2ae8ebf3786f08cafe2f6b47001f7647779ad87cba3f05250f68d70e3f07,1676
    pantry-tree:
      sha256: 05326db88add261e687f039a81b8573a4192b42e47e994230e516b3c604af3e8
      size: 461
  original:
    hackage: smtlib-backends-process-0.3
- completed:
    hackage: split-0.2.5@sha256:5bc1ae848bfded3087ea3e568908f1b75f56ecde6f02df3fad1a138dd5c783d5,2625
    pantry-tree:
      sha256: 5d28c851a2c98e3d8ac0f01adc58303d775afe39dce23ec953be64ae65d11166
      size: 443
  original:
    hackage: split-0.2.5
- completed:
    hackage: splitmix-0.1.3.2@sha256:a557cff65eed1f70f3a3b468423cd58e7a9a9564c5cc00c76a13de64dec9bcbd,3608
    pantry-tree:
      sha256: 95abfd61d6773801e9f18aa91bd5655cbc72b09d93525b98bafa17058f0351d8
      size: 880
  original:
    hackage: splitmix-0.1.3.2
- completed:
    hackage: store-0.7.20@sha256:5364098861d2c44646e54a6dfa730120a5702cd6c76e1286e72b8619b522894f,8159
    pantry-tree:
      sha256: 29b0a25d2b9eef3b06df7f67c4dc56a81157e1d9e6f262ff890fbe5ac017414c
      size: 1292
  original:
    hackage: store-0.7.20
- completed:
    hackage: store-core-0.4.4.7@sha256:a2ea427ff0dde30252474dcb0641cb6928cb8a93cd5ee27d4c22adba8e729683,1489
    pantry-tree:
      sha256: 67828df739695d14f81cd572a3085c76f65ac75f8417095afef8dfb2815f523e
      size: 271
  original:
    hackage: store-core-0.4.4.7
- completed:
    hackage: strict-0.5.1@sha256:58c373b7c7748cbb4a5a6c8c15073f99a1c10a9a9bb6894ac33f43a5cdb901f2,3557
    pantry-tree:
      sha256: 58e97bedb76e8678bf9851677362a8fe567b3d8021e8cd1e54af2ca99c23632f
      size: 654
  original:
    hackage: strict-0.5.1
- completed:
    hackage: syb-0.7.3@sha256:9975950b1ae7f3de8b226a702d384606099742791b6a5d89228e25d87d5527af,3740
    pantry-tree:
      sha256: 4d930fb852a7d3a92994b4d0119567209855c8fb230d50e061d510cec67e6cb2
      size: 3400
  original:
    hackage: syb-0.7.3
- completed:
    hackage: tagged-0.8.10@sha256:e9b97c98e9827981d62f37c5febf9e6bbb67acec92b8bd41fd9f7ace5eb31d32,2201
    pantry-tree:
      sha256: 5ba1ff7ad9a676b89a2a6ab00ac2100f30a21440ef8e04094614ab5b5f494b3f
      size: 438
  original:
    hackage: tagged-0.8.10
- completed:
    hackage: tasty-1.5.3@sha256:6b5dda3f16db1274a0b3e6c4073ac57172a1e96b1dca05666c5cbd1183639412,2923
    pantry-tree:
      sha256: 55cabcd98ff0f5c671a93fb138b8b8cb1cf223497b0fbf9207e6c519fd54a9e9
      size: 1944
  original:
    hackage: tasty-1.5.3
- completed:
    hackage: temporary-1.3@sha256:3a66c136f700dbf42f3c5000ca93e80b26dead51e54322c83272b236c1ec8ef1,1485
    pantry-tree:
      sha256: 5bfb8569e9c83e1b17604fc4375b5efd280f28146a7c42524f13a986f5a3bbc5
      size: 318
  original:
    hackage: temporary-1.3
- completed:
    hackage: terminal-size-0.3.4@sha256:21d7f1320eeb86177e860ec07a3d8e7510977b1b415a96ebb62ee4ad72955770,1364
    pantry-tree:
      sha256: 4ac27911c992c10cba605f1398aacb8709cc68d3334810d94d22c7246ad76c83
      size: 581
  original:
    hackage: terminal-size-0.3.4
- completed:
    hackage: text-iso8601-0.1.1@sha256:e07a625eef969338992bf9bba8e5dc73f07ac65f991ba636b8f1175890d15849,2411
    pantry-tree:
      sha256: 9c5a84ee44200595bcd73d22457ef245a7a09d6ba72e22e97123e8158ce8f036
      size: 427
  original:
    hackage: text-iso8601-0.1.1
- completed:
    hackage: text-short-0.1.6.1@sha256:330b037a4f74c069e1ecfe0908baf8fb526526ef35f47922bd67ae2b3d886864,2799
    pantry-tree:
      sha256: f1ea2b2ed84a1dddc4360d187ef8a2a0b55c2757c8e35bf7af013100bf012d84
      size: 612
  original:
    hackage: text-short-0.1.6.1
- completed:
    hackage: th-abstraction-0.7.2.0@sha256:380819d6e14645bf66af99b6ea3d3d4309c523c7d0ee376e0678042622f1c272,2181
    pantry-tree:
      sha256: b9fa4efe463e44c8675cb68e70bfd71131666870e6ceaa5367672704bc744754
      size: 671
  original:
    hackage: th-abstraction-0.7.2.0
- completed:
    hackage: th-compat-0.1.7@sha256:449be09a4e3f46ea4645700c026624c4b6f066f508187326c284dbdea8884bc9,2920
    pantry-tree:
      sha256: ab2deb131cdf0ee3671323f6bfa040078779f3284bd3169ada20dfdee15daa1e
      size: 530
  original:
    hackage: th-compat-0.1.7
- completed:
    hackage: th-expand-syns-0.4.12.0@sha256:d71525fb41ae0ad251b36455bde2de78913fba7ba147f50f2b034eeacf57b026,2117
    pantry-tree:
      sha256: c5cc5cbd75b8fdd3de38752063d6aab9ab3fdaf90b90c5ab141dc423c5398d23
      size: 460
  original:
    hackage: th-expand-syns-0.4.12.0
- completed:
    hackage: th-lift-0.8.7@sha256:b91da4aabdf753d716bc9a838dcbd12fa8ca53baa34c9ca16472e5af8c2640f6,2545
    pantry-tree:
      sha256: b9307fa45844a7d2ef496ca46025bca812ef0303fb704f3ec441f7c851a114e0
      size: 542
  original:
    hackage: th-lift-0.8.7
- completed:
    hackage: th-lift-instances-0.1.20@sha256:c7886eb39760825b8861c68e48b2b5efb5eff8d2cb76201fdd0fb04bcbeff78e,2608
    pantry-tree:
      sha256: 0498495a69ca395d95b12a67b6884adaec4ca9ab76b9a62ca76ba064e35a08ff
      size: 526
  original:
    hackage: th-lift-instances-0.1.20
- completed:
    hackage: th-orphans-0.13.17@sha256:3d81d2d880a1a414a38ea66e62aacac6c907c9776bca6982e3f814c4ed7ca2ca,2468
    pantry-tree:
      sha256: 7888085b7db430f05152287ea9ee499b06354ef0754ef85722de9e4de0514fac
      size: 527
  original:
    hackage: th-orphans-0.13.17
- completed:
    hackage: th-reify-many-0.1.10@sha256:1827dcffb0c9f214e9739053fc808683336ea65c3749ff2d6148db189cbbd2a4,1753
    pantry-tree:
      sha256: 3aed327bc5dff9c9c22bb7d1ea3e4e437b9f74face6fc682cefffe462913dfd0
      size: 373
  original:
    hackage: th-reify-many-0.1.10
- completed:
    hackage: th-utilities-0.2.5.2@sha256:321b8fd5f1e1f1eebc0919403d5a9caf6bab429a8f4890d2041eaa38b24faf43,1897
    pantry-tree:
      sha256: 966a92de530f10fb3c94931222f0cd4c6c9d93698b75f11e10adc55b445691ec
      size: 1001
  original:
    hackage: th-utilities-0.2.5.2
- completed:
    hackage: these-1.2.1@sha256:35c57aede96c15ea1fed559ac287b1168eb2b2869d79e62ed8c845780b7ea136,2294
    pantry-tree:
      sha256: dc6366ac715dfdf5338a615f71b9ed0542c403a6afcbedcddbc879e947aea6b3
      size: 351
  original:
    hackage: these-1.2.1
- completed:
    hackage: time-compat-1.9.8@sha256:31af49b09fa7195071cd841aa142eb1c4601d4a336ee76cd63242eebff8f98a7,5002
    pantry-tree:
      sha256: 2ff7ac0de1ed1856bd3e507a8d433f7c8a78370e09395de51127cdfa4013e8d0
      size: 4411
  original:
    hackage: time-compat-1.9.8
- completed:
    hackage: transformers-base-0.4.6@sha256:6f18f320e371c8954c4b6b211e2fdd5d15a6d6310bd605b9d640f47ede408961,1643
    pantry-tree:
      sha256: 6c2d24a9678865e2a5f4b6286cb17228673a6987fb546bf07b89ffbd19716ad2
      size: 275
  original:
    hackage: transformers-base-0.4.6
- completed:
    hackage: transformers-compat-0.7.2@sha256:044fb9955f63ee138fcebedfdcbe54afe741f2d5892a2d0bdf3a8052bd342643,5601
    pantry-tree:
      sha256: f49610c6a2faf82111e5d4222576f4afbcfa904bf56665232c5aa077dfc7578f
      size: 1724
  original:
    hackage: transformers-compat-0.7.2
- completed:
    hackage: unliftio-core-0.2.1.0@sha256:f6a2736f858b5390d9384dca43d3ea4d96e9ca17217791791ca4951ba6e8072a,996
    pantry-tree:
      sha256: a585417c216bb1a20be0b53a62b6fed6891ff4e30872ec2d706c144eac81e2ec
      size: 327
  original:
    hackage: unliftio-core-0.2.1.0
- completed:
    hackage: unordered-containers-0.2.21@sha256:c5de1fb3377ed3c5f4cd851a771d1acc5c37d2f6bef0a499295c0e8857da5605,3987
    pantry-tree:
      sha256: e60c9f5dcacee1c8230534bc7d29224015341c956b63464fb7884a6de8b3614d
      size: 1779
  original:
    hackage: unordered-containers-0.2.21
- completed:
    hackage: uuid-types-1.0.6@sha256:5ac2b681a8d7676f6a51ac1b113bfdcf18dd7fdbb313034850ed6493eef96da0,2619
    pantry-tree:
      sha256: 26843e0b54dd31c81614d7038da25777868156125410f7577a1afc1a4c2140a5
      size: 480
  original:
    hackage: uuid-types-1.0.6
- completed:
    hackage: vector-0.13.2.0@sha256:9ac338c8da52d8a37db08434ca4480fef2cea4f9aac240f4f994bb467f5275b4,8804
    pantry-tree:
      sha256: 9bc1265c2469283d87c2ebffeac07fc923fe4a1e99c1cf31fd1890afb002f8a9
      size: 4478
  original:
    hackage: vector-0.13.2.0
- completed:
    hackage: vector-algorithms-0.9.1.0@sha256:ccb940a004509aa908a16fa6b9b9f4e409e8a660fb5dd4c88274c8df16b1ffbf,3719
    pantry-tree:
      sha256: e3d026808ef11cb4279738582cbe8c4fb733a7f943f22f04858c775f14ba26b6
      size: 1510
  original:
    hackage: vector-algorithms-0.9.1.0
- completed:
    hackage: vector-stream-0.1.0.1@sha256:483be6df13c72169a917640589666f9fece7bea9fa13fcd41d052dab37ea289e,1642
    pantry-tree:
      sha256: 8f597e9033aaa83fabc206050fd54b1d702ad0760c20b7f56a781b8d7e614685
      size: 325
  original:
    hackage: vector-stream-0.1.0.1
- completed:
    hackage: void-0.7.4@sha256:1b7ecd52bd3a8a0600bec0f06096f385dfcd0d4db04365b1663211a2b5288cda,1353
    pantry-tree:
      sha256: c2270f466ca127a0a4b2ead831c845ba81532d026237ba953f7ebfee10cd960d
      size: 471
  original:
    hackage: void-0.7.4
- completed:
    hackage: witherable-0.5@sha256:a5600431df5d297f098c322c7fbc2ece804e44ade0bb2022a838de24604d6275,2355
    pantry-tree:
      sha256: d33351eafc78b821508dbf3d2b0cd0f40897494d8fa8a1ee0febc1d527aeccff
      size: 321
  original:
    hackage: witherable-0.5
snapshots: []
